// !$*UTF8*$!
{
	archiveVersion = 1;
	classes = {
	};
	objectVersion = 56;
	objects = {

/* Begin PBXBuildFile section */
		8807FBE1299460CC00D20220 /* AlarmViewController.swift in Sources */ = {isa = PBXBuildFile; fileRef = 8807FBE0299460CC00D20220 /* AlarmViewController.swift */; };
		8807FBE52994664600D20220 /* WorldClockSelectViewController.swift in Sources */ = {isa = PBXBuildFile; fileRef = 8807FBE42994664600D20220 /* WorldClockSelectViewController.swift */; };
		8876F08C29A5826E003CB7D8 /* AlarmGenerateViewController.swift in Sources */ = {isa = PBXBuildFile; fileRef = 8876F08B29A5826E003CB7D8 /* AlarmGenerateViewController.swift */; };
		8876F08E29A582FE003CB7D8 /* AlarmGenerateNavigationController.swift in Sources */ = {isa = PBXBuildFile; fileRef = 8876F08D29A582FE003CB7D8 /* AlarmGenerateNavigationController.swift */; };
		8893412929B7FCE60078431E /* daydream.wav in Resources */ = {isa = PBXBuildFile; fileRef = 8893412529B7FCE50078431E /* daydream.wav */; };
		8893412A29B7FCE60078431E /* green.wav in Resources */ = {isa = PBXBuildFile; fileRef = 8893412629B7FCE60078431E /* green.wav */; };
		8893412B29B7FCE60078431E /* sea.wav in Resources */ = {isa = PBXBuildFile; fileRef = 8893412729B7FCE60078431E /* sea.wav */; };
		8893412C29B7FCE60078431E /* playTime.wav in Resources */ = {isa = PBXBuildFile; fileRef = 8893412829B7FCE60078431E /* playTime.wav */; };
		88BBB95829DA3CBF00B63D98 /* TimerRingtoneSelectViewController.swift in Sources */ = {isa = PBXBuildFile; fileRef = 88BBB95729DA3CBF00B63D98 /* TimerRingtoneSelectViewController.swift */; };
		88BBB95A29DA45F100B63D98 /* TimerRingtoneSelectTableViewCell.swift in Sources */ = {isa = PBXBuildFile; fileRef = 88BBB95929DA45F100B63D98 /* TimerRingtoneSelectTableViewCell.swift */; };
		88BBB95C29DA4B0F00B63D98 /* translateSoundName.swift in Sources */ = {isa = PBXBuildFile; fileRef = 88BBB95B29DA4B0F00B63D98 /* translateSoundName.swift */; };
		88BBB95F29DF90B300B63D98 /* playSound.swift in Sources */ = {isa = PBXBuildFile; fileRef = 88BBB95E29DF90B300B63D98 /* playSound.swift */; };
		88BC72F429A8258600F6ADD2 /* AlarmRepeatDetailViewController.swift in Sources */ = {isa = PBXBuildFile; fileRef = 88BC72F329A8258600F6ADD2 /* AlarmRepeatDetailViewController.swift */; };
		88BC72F629A829B100F6ADD2 /* AlarmRepeatDetailTableViewCell.swift in Sources */ = {isa = PBXBuildFile; fileRef = 88BC72F529A829B100F6ADD2 /* AlarmRepeatDetailTableViewCell.swift */; };
		C92CBDB7299E02710000BF73 /* WorldClockTabBarViewController.swift in Sources */ = {isa = PBXBuildFile; fileRef = C92CBDB6299E02710000BF73 /* WorldClockTabBarViewController.swift */; };
		C92CBDBC29A49AB50000BF73 /* AlarmNavigationViewController.swift in Sources */ = {isa = PBXBuildFile; fileRef = C92CBDBB29A49AB50000BF73 /* AlarmNavigationViewController.swift */; };
		C92CBDBE29A4A3C70000BF73 /* AlarmTableViewCell.swift in Sources */ = {isa = PBXBuildFile; fileRef = C92CBDBD29A4A3C70000BF73 /* AlarmTableViewCell.swift */; };
		C92CBDC329A4A5AA0000BF73 /* AlarmManager.swift in Sources */ = {isa = PBXBuildFile; fileRef = C92CBDC229A4A5AA0000BF73 /* AlarmManager.swift */; };
		C932AB2B29939285006B3FFB /* AppDelegate.swift in Sources */ = {isa = PBXBuildFile; fileRef = C932AB2A29939285006B3FFB /* AppDelegate.swift */; };
		C932AB2D29939285006B3FFB /* SceneDelegate.swift in Sources */ = {isa = PBXBuildFile; fileRef = C932AB2C29939285006B3FFB /* SceneDelegate.swift */; };
		C932AB2F29939285006B3FFB /* WorldClockViewController.swift in Sources */ = {isa = PBXBuildFile; fileRef = C932AB2E29939285006B3FFB /* WorldClockViewController.swift */; };
		C932AB3229939285006B3FFB /* Main.storyboard in Resources */ = {isa = PBXBuildFile; fileRef = C932AB3029939285006B3FFB /* Main.storyboard */; };
		C932AB3529939285006B3FFB /* clock_app.xcdatamodeld in Sources */ = {isa = PBXBuildFile; fileRef = C932AB3329939285006B3FFB /* clock_app.xcdatamodeld */; };
		C932AB3729939286006B3FFB /* Assets.xcassets in Resources */ = {isa = PBXBuildFile; fileRef = C932AB3629939286006B3FFB /* Assets.xcassets */; };
		C932AB3A29939286006B3FFB /* LaunchScreen.storyboard in Resources */ = {isa = PBXBuildFile; fileRef = C932AB3829939286006B3FFB /* LaunchScreen.storyboard */; };
		C94A6D1129A899C500CF8720 /* AlarmSoundDetailViewController.swift in Sources */ = {isa = PBXBuildFile; fileRef = C94A6D1029A899C500CF8720 /* AlarmSoundDetailViewController.swift */; };
		C94A6D1429ADD6B200CF8720 /* part1.m4a in Resources */ = {isa = PBXBuildFile; fileRef = 888C0A1C29AD96BA00711EA7 /* part1.m4a */; };
		C94A6D1529ADD6B200CF8720 /* part2.m4a in Resources */ = {isa = PBXBuildFile; fileRef = 888C0A1D29AD96BA00711EA7 /* part2.m4a */; };
		C94A6D1629ADD6B200CF8720 /* part3.m4a in Resources */ = {isa = PBXBuildFile; fileRef = 888C0A1B29AD96BA00711EA7 /* part3.m4a */; };
		C94A6D1729ADD6B200CF8720 /* part4.m4a in Resources */ = {isa = PBXBuildFile; fileRef = 888C0A1A29AD96B900711EA7 /* part4.m4a */; };
		C94A6D1C29ADD9A100CF8720 /* playTime.mp3 in Resources */ = {isa = PBXBuildFile; fileRef = C94A6D1829ADD9A100CF8720 /* playTime.mp3 */; };
		C94A6D1D29ADD9A100CF8720 /* daydream.mp3 in Resources */ = {isa = PBXBuildFile; fileRef = C94A6D1929ADD9A100CF8720 /* daydream.mp3 */; };
		C94A6D1E29ADD9A100CF8720 /* green.mp3 in Resources */ = {isa = PBXBuildFile; fileRef = C94A6D1A29ADD9A100CF8720 /* green.mp3 */; };
		C94A6D1F29ADD9A100CF8720 /* sea.mp3 in Resources */ = {isa = PBXBuildFile; fileRef = C94A6D1B29ADD9A100CF8720 /* sea.mp3 */; };
		C94A6D2129ADDEF900CF8720 /* AlarmSoundDetailTableViewCell.swift in Sources */ = {isa = PBXBuildFile; fileRef = C94A6D2029ADDEF900CF8720 /* AlarmSoundDetailTableViewCell.swift */; };
		C94A6D4529B039C800CF8720 /* alarm.xcdatamodeld in Sources */ = {isa = PBXBuildFile; fileRef = C94A6D4329B039C800CF8720 /* alarm.xcdatamodeld */; };
		C94A6D4A29B03AC000CF8720 /* WorldClockData+CoreDataClass.swift in Sources */ = {isa = PBXBuildFile; fileRef = C94A6D4629B03AC000CF8720 /* WorldClockData+CoreDataClass.swift */; };
		C94A6D4B29B03AC000CF8720 /* WorldClockData+CoreDataProperties.swift in Sources */ = {isa = PBXBuildFile; fileRef = C94A6D4729B03AC000CF8720 /* WorldClockData+CoreDataProperties.swift */; };
		C94A6D5829B0690500CF8720 /* AlarmData+CoreDataClass.swift in Sources */ = {isa = PBXBuildFile; fileRef = C94A6D5629B0690500CF8720 /* AlarmData+CoreDataClass.swift */; };
		C94A6D5929B0690500CF8720 /* AlarmData+CoreDataProperties.swift in Sources */ = {isa = PBXBuildFile; fileRef = C94A6D5729B0690500CF8720 /* AlarmData+CoreDataProperties.swift */; };
		C94A6D5C29B6AEB300CF8720 /* NotificationService.swift in Sources */ = {isa = PBXBuildFile; fileRef = C94A6D5B29B6AEB300CF8720 /* NotificationService.swift */; };
		C94A6D5F29B988C600CF8720 /* ParsingJaeum.swift in Sources */ = {isa = PBXBuildFile; fileRef = C94A6D5E29B988C600CF8720 /* ParsingJaeum.swift */; };
		C94A6DA429C5642300CF8720 /* StopWatchViewController.swift in Sources */ = {isa = PBXBuildFile; fileRef = C94A6DA329C5642300CF8720 /* StopWatchViewController.swift */; };
		C94A6DA629C5693400CF8720 /* StopWatchTableViewCell.swift in Sources */ = {isa = PBXBuildFile; fileRef = C94A6DA529C5693400CF8720 /* StopWatchTableViewCell.swift */; };
		C94A6DA929CBC6B400CF8720 /* TimerViewController.swift in Sources */ = {isa = PBXBuildFile; fileRef = C94A6DA829CBC6B400CF8720 /* TimerViewController.swift */; };
		C94D525929E24938009700BF /* requestAlarmNotification.swift in Sources */ = {isa = PBXBuildFile; fileRef = C94D525829E24938009700BF /* requestAlarmNotification.swift */; };
		C95B474A299A101B002656CA /* WorldClockTableViewCell.swift in Sources */ = {isa = PBXBuildFile; fileRef = C95B4749299A101B002656CA /* WorldClockTableViewCell.swift */; };
		C95B474C299A17F4002656CA /* WorldClockSelectTableViewCell.swift in Sources */ = {isa = PBXBuildFile; fileRef = C95B474B299A17F4002656CA /* WorldClockSelectTableViewCell.swift */; };
		C95B4750299A1FB4002656CA /* WorldClockSelectNavigationViewController.swift in Sources */ = {isa = PBXBuildFile; fileRef = C95B474F299A1FB4002656CA /* WorldClockSelectNavigationViewController.swift */; };
		C95B475C299B453C002656CA /* WorldClockManager.swift in Sources */ = {isa = PBXBuildFile; fileRef = C95B475B299B453C002656CA /* WorldClockManager.swift */; };
		C9C4E58A29A6FD25002E99B0 /* AlarmSettingRepeatTableViewCell.swift in Sources */ = {isa = PBXBuildFile; fileRef = C9C4E58929A6FD25002E99B0 /* AlarmSettingRepeatTableViewCell.swift */; };
		C9C4E58C29A6FD5E002E99B0 /* AlarmSettingLabelTableViewCell.swift in Sources */ = {isa = PBXBuildFile; fileRef = C9C4E58B29A6FD5E002E99B0 /* AlarmSettingLabelTableViewCell.swift */; };
		C9C4E58E29A6FD71002E99B0 /* AlarmSettingSoundTableViewCell.swift in Sources */ = {isa = PBXBuildFile; fileRef = C9C4E58D29A6FD71002E99B0 /* AlarmSettingSoundTableViewCell.swift */; };
		C9C4E59029A6FD90002E99B0 /* AlarmSettingAgainTableViewCell.swift in Sources */ = {isa = PBXBuildFile; fileRef = C9C4E58F29A6FD90002E99B0 /* AlarmSettingAgainTableViewCell.swift */; };
/* End PBXBuildFile section */

/* Begin PBXFileReference section */
		8807FBE0299460CC00D20220 /* AlarmViewController.swift */ = {isa = PBXFileReference; lastKnownFileType = sourcecode.swift; path = AlarmViewController.swift; sourceTree = "<group>"; };
		8807FBE42994664600D20220 /* WorldClockSelectViewController.swift */ = {isa = PBXFileReference; lastKnownFileType = sourcecode.swift; path = WorldClockSelectViewController.swift; sourceTree = "<group>"; };
		8876F08B29A5826E003CB7D8 /* AlarmGenerateViewController.swift */ = {isa = PBXFileReference; lastKnownFileType = sourcecode.swift; path = AlarmGenerateViewController.swift; sourceTree = "<group>"; };
		8876F08D29A582FE003CB7D8 /* AlarmGenerateNavigationController.swift */ = {isa = PBXFileReference; lastKnownFileType = sourcecode.swift; path = AlarmGenerateNavigationController.swift; sourceTree = "<group>"; };
		888C0A1A29AD96B900711EA7 /* part4.m4a */ = {isa = PBXFileReference; lastKnownFileType = file; path = part4.m4a; sourceTree = "<group>"; };
		888C0A1B29AD96BA00711EA7 /* part3.m4a */ = {isa = PBXFileReference; lastKnownFileType = file; path = part3.m4a; sourceTree = "<group>"; };
		888C0A1C29AD96BA00711EA7 /* part1.m4a */ = {isa = PBXFileReference; lastKnownFileType = file; path = part1.m4a; sourceTree = "<group>"; };
		888C0A1D29AD96BA00711EA7 /* part2.m4a */ = {isa = PBXFileReference; lastKnownFileType = file; path = part2.m4a; sourceTree = "<group>"; };
		8893412529B7FCE50078431E /* daydream.wav */ = {isa = PBXFileReference; lastKnownFileType = audio.wav; path = daydream.wav; sourceTree = "<group>"; };
		8893412629B7FCE60078431E /* green.wav */ = {isa = PBXFileReference; lastKnownFileType = audio.wav; path = green.wav; sourceTree = "<group>"; };
		8893412729B7FCE60078431E /* sea.wav */ = {isa = PBXFileReference; lastKnownFileType = audio.wav; path = sea.wav; sourceTree = "<group>"; };
		8893412829B7FCE60078431E /* playTime.wav */ = {isa = PBXFileReference; lastKnownFileType = audio.wav; path = playTime.wav; sourceTree = "<group>"; };
		88BBB95729DA3CBF00B63D98 /* TimerRingtoneSelectViewController.swift */ = {isa = PBXFileReference; lastKnownFileType = sourcecode.swift; path = TimerRingtoneSelectViewController.swift; sourceTree = "<group>"; };
		88BBB95929DA45F100B63D98 /* TimerRingtoneSelectTableViewCell.swift */ = {isa = PBXFileReference; lastKnownFileType = sourcecode.swift; path = TimerRingtoneSelectTableViewCell.swift; sourceTree = "<group>"; };
		88BBB95B29DA4B0F00B63D98 /* translateSoundName.swift */ = {isa = PBXFileReference; lastKnownFileType = sourcecode.swift; path = translateSoundName.swift; sourceTree = "<group>"; };
		88BBB95E29DF90B300B63D98 /* playSound.swift */ = {isa = PBXFileReference; lastKnownFileType = sourcecode.swift; path = playSound.swift; sourceTree = "<group>"; };
		88BC72F329A8258600F6ADD2 /* AlarmRepeatDetailViewController.swift */ = {isa = PBXFileReference; lastKnownFileType = sourcecode.swift; path = AlarmRepeatDetailViewController.swift; sourceTree = "<group>"; };
		88BC72F529A829B100F6ADD2 /* AlarmRepeatDetailTableViewCell.swift */ = {isa = PBXFileReference; lastKnownFileType = sourcecode.swift; path = AlarmRepeatDetailTableViewCell.swift; sourceTree = "<group>"; };
		C92CBDB6299E02710000BF73 /* WorldClockTabBarViewController.swift */ = {isa = PBXFileReference; lastKnownFileType = sourcecode.swift; path = WorldClockTabBarViewController.swift; sourceTree = "<group>"; };
		C92CBDBB29A49AB50000BF73 /* AlarmNavigationViewController.swift */ = {isa = PBXFileReference; lastKnownFileType = sourcecode.swift; path = AlarmNavigationViewController.swift; sourceTree = "<group>"; };
		C92CBDBD29A4A3C70000BF73 /* AlarmTableViewCell.swift */ = {isa = PBXFileReference; lastKnownFileType = sourcecode.swift; path = AlarmTableViewCell.swift; sourceTree = "<group>"; };
		C92CBDC229A4A5AA0000BF73 /* AlarmManager.swift */ = {isa = PBXFileReference; lastKnownFileType = sourcecode.swift; path = AlarmManager.swift; sourceTree = "<group>"; };
		C932AB2729939285006B3FFB /* clock-app.app */ = {isa = PBXFileReference; explicitFileType = wrapper.application; includeInIndex = 0; path = "clock-app.app"; sourceTree = BUILT_PRODUCTS_DIR; };
		C932AB2A29939285006B3FFB /* AppDelegate.swift */ = {isa = PBXFileReference; lastKnownFileType = sourcecode.swift; path = AppDelegate.swift; sourceTree = "<group>"; };
		C932AB2C29939285006B3FFB /* SceneDelegate.swift */ = {isa = PBXFileReference; lastKnownFileType = sourcecode.swift; path = SceneDelegate.swift; sourceTree = "<group>"; };
		C932AB2E29939285006B3FFB /* WorldClockViewController.swift */ = {isa = PBXFileReference; lastKnownFileType = sourcecode.swift; path = WorldClockViewController.swift; sourceTree = "<group>"; };
		C932AB3129939285006B3FFB /* Base */ = {isa = PBXFileReference; lastKnownFileType = file.storyboard; name = Base; path = Base.lproj/Main.storyboard; sourceTree = "<group>"; };
		C932AB3429939285006B3FFB /* clock_app.xcdatamodel */ = {isa = PBXFileReference; lastKnownFileType = wrapper.xcdatamodel; path = clock_app.xcdatamodel; sourceTree = "<group>"; };
		C932AB3629939286006B3FFB /* Assets.xcassets */ = {isa = PBXFileReference; lastKnownFileType = folder.assetcatalog; path = Assets.xcassets; sourceTree = "<group>"; };
		C932AB3929939286006B3FFB /* Base */ = {isa = PBXFileReference; lastKnownFileType = file.storyboard; name = Base; path = Base.lproj/LaunchScreen.storyboard; sourceTree = "<group>"; };
		C932AB3B29939286006B3FFB /* Info.plist */ = {isa = PBXFileReference; lastKnownFileType = text.plist.xml; path = Info.plist; sourceTree = "<group>"; };
		C94A6D1029A899C500CF8720 /* AlarmSoundDetailViewController.swift */ = {isa = PBXFileReference; lastKnownFileType = sourcecode.swift; path = AlarmSoundDetailViewController.swift; sourceTree = "<group>"; };
		C94A6D1829ADD9A100CF8720 /* playTime.mp3 */ = {isa = PBXFileReference; lastKnownFileType = audio.mp3; path = playTime.mp3; sourceTree = "<group>"; };
		C94A6D1929ADD9A100CF8720 /* daydream.mp3 */ = {isa = PBXFileReference; lastKnownFileType = audio.mp3; path = daydream.mp3; sourceTree = "<group>"; };
		C94A6D1A29ADD9A100CF8720 /* green.mp3 */ = {isa = PBXFileReference; lastKnownFileType = audio.mp3; path = green.mp3; sourceTree = "<group>"; };
		C94A6D1B29ADD9A100CF8720 /* sea.mp3 */ = {isa = PBXFileReference; lastKnownFileType = audio.mp3; path = sea.mp3; sourceTree = "<group>"; };
		C94A6D2029ADDEF900CF8720 /* AlarmSoundDetailTableViewCell.swift */ = {isa = PBXFileReference; lastKnownFileType = sourcecode.swift; path = AlarmSoundDetailTableViewCell.swift; sourceTree = "<group>"; };
		C94A6D4429B039C800CF8720 /* alarm.xcdatamodel */ = {isa = PBXFileReference; lastKnownFileType = wrapper.xcdatamodel; path = alarm.xcdatamodel; sourceTree = "<group>"; };
		C94A6D4629B03AC000CF8720 /* WorldClockData+CoreDataClass.swift */ = {isa = PBXFileReference; lastKnownFileType = sourcecode.swift; path = "WorldClockData+CoreDataClass.swift"; sourceTree = "<group>"; };
		C94A6D4729B03AC000CF8720 /* WorldClockData+CoreDataProperties.swift */ = {isa = PBXFileReference; lastKnownFileType = sourcecode.swift; path = "WorldClockData+CoreDataProperties.swift"; sourceTree = "<group>"; };
		C94A6D5629B0690500CF8720 /* AlarmData+CoreDataClass.swift */ = {isa = PBXFileReference; lastKnownFileType = sourcecode.swift; path = "AlarmData+CoreDataClass.swift"; sourceTree = "<group>"; };
		C94A6D5729B0690500CF8720 /* AlarmData+CoreDataProperties.swift */ = {isa = PBXFileReference; lastKnownFileType = sourcecode.swift; path = "AlarmData+CoreDataProperties.swift"; sourceTree = "<group>"; };
		C94A6D5A29B6A7D100CF8720 /* clock-app.entitlements */ = {isa = PBXFileReference; lastKnownFileType = text.plist.entitlements; path = "clock-app.entitlements"; sourceTree = "<group>"; };
		C94A6D5B29B6AEB300CF8720 /* NotificationService.swift */ = {isa = PBXFileReference; lastKnownFileType = sourcecode.swift; path = NotificationService.swift; sourceTree = "<group>"; };
		C94A6D5E29B988C600CF8720 /* ParsingJaeum.swift */ = {isa = PBXFileReference; lastKnownFileType = sourcecode.swift; path = ParsingJaeum.swift; sourceTree = "<group>"; };
		C94A6DA329C5642300CF8720 /* StopWatchViewController.swift */ = {isa = PBXFileReference; lastKnownFileType = sourcecode.swift; path = StopWatchViewController.swift; sourceTree = "<group>"; };
		C94A6DA529C5693400CF8720 /* StopWatchTableViewCell.swift */ = {isa = PBXFileReference; lastKnownFileType = sourcecode.swift; path = StopWatchTableViewCell.swift; sourceTree = "<group>"; };
		C94A6DA829CBC6B400CF8720 /* TimerViewController.swift */ = {isa = PBXFileReference; lastKnownFileType = sourcecode.swift; path = TimerViewController.swift; sourceTree = "<group>"; };
		C94D525829E24938009700BF /* requestAlarmNotification.swift */ = {isa = PBXFileReference; lastKnownFileType = sourcecode.swift; path = requestAlarmNotification.swift; sourceTree = "<group>"; };
		C95B4749299A101B002656CA /* WorldClockTableViewCell.swift */ = {isa = PBXFileReference; lastKnownFileType = sourcecode.swift; path = WorldClockTableViewCell.swift; sourceTree = "<group>"; };
		C95B474B299A17F4002656CA /* WorldClockSelectTableViewCell.swift */ = {isa = PBXFileReference; lastKnownFileType = sourcecode.swift; path = WorldClockSelectTableViewCell.swift; sourceTree = "<group>"; };
		C95B474F299A1FB4002656CA /* WorldClockSelectNavigationViewController.swift */ = {isa = PBXFileReference; lastKnownFileType = sourcecode.swift; path = WorldClockSelectNavigationViewController.swift; sourceTree = "<group>"; };
		C95B475B299B453C002656CA /* WorldClockManager.swift */ = {isa = PBXFileReference; lastKnownFileType = sourcecode.swift; path = WorldClockManager.swift; sourceTree = "<group>"; };
		C9C4E58929A6FD25002E99B0 /* AlarmSettingRepeatTableViewCell.swift */ = {isa = PBXFileReference; lastKnownFileType = sourcecode.swift; path = AlarmSettingRepeatTableViewCell.swift; sourceTree = "<group>"; };
		C9C4E58B29A6FD5E002E99B0 /* AlarmSettingLabelTableViewCell.swift */ = {isa = PBXFileReference; lastKnownFileType = sourcecode.swift; path = AlarmSettingLabelTableViewCell.swift; sourceTree = "<group>"; };
		C9C4E58D29A6FD71002E99B0 /* AlarmSettingSoundTableViewCell.swift */ = {isa = PBXFileReference; lastKnownFileType = sourcecode.swift; path = AlarmSettingSoundTableViewCell.swift; sourceTree = "<group>"; };
		C9C4E58F29A6FD90002E99B0 /* AlarmSettingAgainTableViewCell.swift */ = {isa = PBXFileReference; lastKnownFileType = sourcecode.swift; path = AlarmSettingAgainTableViewCell.swift; sourceTree = "<group>"; };
/* End PBXFileReference section */

/* Begin PBXFrameworksBuildPhase section */
		C932AB2429939285006B3FFB /* Frameworks */ = {
			isa = PBXFrameworksBuildPhase;
			buildActionMask = 2147483647;
			files = (
			);
			runOnlyForDeploymentPostprocessing = 0;
		};
/* End PBXFrameworksBuildPhase section */

/* Begin PBXGroup section */
		8807FBE22994661500D20220 /* WorldClock */ = {
			isa = PBXGroup;
			children = (
				C932AB2E29939285006B3FFB /* WorldClockViewController.swift */,
				8807FBE42994664600D20220 /* WorldClockSelectViewController.swift */,
				C95B4749299A101B002656CA /* WorldClockTableViewCell.swift */,
				C95B474B299A17F4002656CA /* WorldClockSelectTableViewCell.swift */,
				C95B474F299A1FB4002656CA /* WorldClockSelectNavigationViewController.swift */,
				C92CBDB6299E02710000BF73 /* WorldClockTabBarViewController.swift */,
			);
			path = WorldClock;
			sourceTree = "<group>";
		};
		888C0A1329AD8ED900711EA7 /* SoundFiles */ = {
			isa = PBXGroup;
			children = (
				C94A6D1929ADD9A100CF8720 /* daydream.mp3 */,
				C94A6D1A29ADD9A100CF8720 /* green.mp3 */,
				C94A6D1829ADD9A100CF8720 /* playTime.mp3 */,
				C94A6D1B29ADD9A100CF8720 /* sea.mp3 */,
				8893412529B7FCE50078431E /* daydream.wav */,
				8893412629B7FCE60078431E /* green.wav */,
				8893412829B7FCE60078431E /* playTime.wav */,
				8893412729B7FCE60078431E /* sea.wav */,
				888C0A1C29AD96BA00711EA7 /* part1.m4a */,
				888C0A1D29AD96BA00711EA7 /* part2.m4a */,
				888C0A1B29AD96BA00711EA7 /* part3.m4a */,
				888C0A1A29AD96B900711EA7 /* part4.m4a */,
			);
			path = SoundFiles;
			sourceTree = "<group>";
		};
		88BC72F229A8254A00F6ADD2 /* AlarmSettings */ = {
			isa = PBXGroup;
			children = (
				C94A6D1329AB05C800CF8720 /* AlarmRepeat */,
				C94A6D1229AB05C000CF8720 /* AlarmSound */,
			);
			path = AlarmSettings;
			sourceTree = "<group>";
		};
		C92CBDBA29A49A690000BF73 /* Alarm */ = {
			isa = PBXGroup;
			children = (
				88BC72F229A8254A00F6ADD2 /* AlarmSettings */,
				C9C4E58829A6F7C4002E99B0 /* AlarmCustomCells */,
				8807FBE0299460CC00D20220 /* AlarmViewController.swift */,
				C92CBDBB29A49AB50000BF73 /* AlarmNavigationViewController.swift */,
				C92CBDBD29A4A3C70000BF73 /* AlarmTableViewCell.swift */,
				8876F08B29A5826E003CB7D8 /* AlarmGenerateViewController.swift */,
				8876F08D29A582FE003CB7D8 /* AlarmGenerateNavigationController.swift */,
			);
			path = Alarm;
			sourceTree = "<group>";
		};
		C92CBDC129A4A59A0000BF73 /* Alarm */ = {
			isa = PBXGroup;
			children = (
				C94A6D5629B0690500CF8720 /* AlarmData+CoreDataClass.swift */,
				C94A6D5729B0690500CF8720 /* AlarmData+CoreDataProperties.swift */,
				C92CBDC229A4A5AA0000BF73 /* AlarmManager.swift */,
			);
			path = Alarm;
			sourceTree = "<group>";
		};
		C932AB1E29939285006B3FFB = {
			isa = PBXGroup;
			children = (
				C932AB2929939285006B3FFB /* clock-app */,
				C932AB2829939285006B3FFB /* Products */,
			);
			sourceTree = "<group>";
		};
		C932AB2829939285006B3FFB /* Products */ = {
			isa = PBXGroup;
			children = (
				C932AB2729939285006B3FFB /* clock-app.app */,
			);
			name = Products;
			sourceTree = "<group>";
		};
		C932AB2929939285006B3FFB /* clock-app */ = {
			isa = PBXGroup;
			children = (
				C94A6D5D29B988AC00CF8720 /* Util */,
				C94A6D5A29B6A7D100CF8720 /* clock-app.entitlements */,
				888C0A1329AD8ED900711EA7 /* SoundFiles */,
				C932AB2A29939285006B3FFB /* AppDelegate.swift */,
				C932AB2C29939285006B3FFB /* SceneDelegate.swift */,
				C932AB43299392C9006B3FFB /* Models */,
				C932AB42299392C3006B3FFB /* Views */,
				C932AB41299392BE006B3FFB /* Controllers */,
				C932AB3629939286006B3FFB /* Assets.xcassets */,
				C932AB3829939286006B3FFB /* LaunchScreen.storyboard */,
				C932AB3B29939286006B3FFB /* Info.plist */,
				C932AB3329939285006B3FFB /* clock_app.xcdatamodeld */,
				C94A6D4329B039C800CF8720 /* alarm.xcdatamodeld */,
				C94A6D5B29B6AEB300CF8720 /* NotificationService.swift */,
			);
			path = "clock-app";
			sourceTree = "<group>";
		};
		C932AB41299392BE006B3FFB /* Controllers */ = {
			isa = PBXGroup;
			children = (
				C94A6DA729CBC6A900CF8720 /* Timer */,
				C94A6DA129C5640C00CF8720 /* StopWatch */,
				C92CBDBA29A49A690000BF73 /* Alarm */,
				8807FBE22994661500D20220 /* WorldClock */,
			);
			path = Controllers;
			sourceTree = "<group>";
		};
		C932AB42299392C3006B3FFB /* Views */ = {
			isa = PBXGroup;
			children = (
				C932AB3029939285006B3FFB /* Main.storyboard */,
			);
			path = Views;
			sourceTree = "<group>";
		};
		C932AB43299392C9006B3FFB /* Models */ = {
			isa = PBXGroup;
			children = (
				C92CBDC129A4A59A0000BF73 /* Alarm */,
				C95B4753299B441A002656CA /* WorldClock */,
			);
			path = Models;
			sourceTree = "<group>";
		};
		C94A6D1229AB05C000CF8720 /* AlarmSound */ = {
			isa = PBXGroup;
			children = (
				C94A6D1029A899C500CF8720 /* AlarmSoundDetailViewController.swift */,
				C94A6D2029ADDEF900CF8720 /* AlarmSoundDetailTableViewCell.swift */,
			);
			path = AlarmSound;
			sourceTree = "<group>";
		};
		C94A6D1329AB05C800CF8720 /* AlarmRepeat */ = {
			isa = PBXGroup;
			children = (
				88BC72F329A8258600F6ADD2 /* AlarmRepeatDetailViewController.swift */,
				88BC72F529A829B100F6ADD2 /* AlarmRepeatDetailTableViewCell.swift */,
			);
			path = AlarmRepeat;
			sourceTree = "<group>";
		};
		C94A6D5D29B988AC00CF8720 /* Util */ = {
			isa = PBXGroup;
			children = (
				C94A6D5E29B988C600CF8720 /* ParsingJaeum.swift */,
				88BBB95B29DA4B0F00B63D98 /* translateSoundName.swift */,
				88BBB95E29DF90B300B63D98 /* playSound.swift */,
				C94D525829E24938009700BF /* requestAlarmNotification.swift */,
			);
			path = Util;
			sourceTree = "<group>";
		};
		C94A6DA129C5640C00CF8720 /* StopWatch */ = {
			isa = PBXGroup;
			children = (
				C94A6DA329C5642300CF8720 /* StopWatchViewController.swift */,
				C94A6DA529C5693400CF8720 /* StopWatchTableViewCell.swift */,
			);
			path = StopWatch;
			sourceTree = "<group>";
		};
		C94A6DA729CBC6A900CF8720 /* Timer */ = {
			isa = PBXGroup;
			children = (
				C94A6DA829CBC6B400CF8720 /* TimerViewController.swift */,
				88BBB95729DA3CBF00B63D98 /* TimerRingtoneSelectViewController.swift */,
				88BBB95929DA45F100B63D98 /* TimerRingtoneSelectTableViewCell.swift */,
			);
			path = Timer;
			sourceTree = "<group>";
		};
		C95B4753299B441A002656CA /* WorldClock */ = {
			isa = PBXGroup;
			children = (
				C94A6D4629B03AC000CF8720 /* WorldClockData+CoreDataClass.swift */,
				C94A6D4729B03AC000CF8720 /* WorldClockData+CoreDataProperties.swift */,
				C95B475B299B453C002656CA /* WorldClockManager.swift */,
			);
			path = WorldClock;
			sourceTree = "<group>";
		};
		C9C4E58829A6F7C4002E99B0 /* AlarmCustomCells */ = {
			isa = PBXGroup;
			children = (
				C9C4E58929A6FD25002E99B0 /* AlarmSettingRepeatTableViewCell.swift */,
				C9C4E58B29A6FD5E002E99B0 /* AlarmSettingLabelTableViewCell.swift */,
				C9C4E58D29A6FD71002E99B0 /* AlarmSettingSoundTableViewCell.swift */,
				C9C4E58F29A6FD90002E99B0 /* AlarmSettingAgainTableViewCell.swift */,
			);
			path = AlarmCustomCells;
			sourceTree = "<group>";
		};
/* End PBXGroup section */

/* Begin PBXNativeTarget section */
		C932AB2629939285006B3FFB /* clock-app */ = {
			isa = PBXNativeTarget;
			buildConfigurationList = C932AB3E29939286006B3FFB /* Build configuration list for PBXNativeTarget "clock-app" */;
			buildPhases = (
				C932AB2329939285006B3FFB /* Sources */,
				C932AB2429939285006B3FFB /* Frameworks */,
				C932AB2529939285006B3FFB /* Resources */,
			);
			buildRules = (
			);
			dependencies = (
			);
			name = "clock-app";
			productName = "clock-app";
			productReference = C932AB2729939285006B3FFB /* clock-app.app */;
			productType = "com.apple.product-type.application";
		};
/* End PBXNativeTarget section */

/* Begin PBXProject section */
		C932AB1F29939285006B3FFB /* Project object */ = {
			isa = PBXProject;
			attributes = {
				BuildIndependentTargetsInParallel = 1;
				LastSwiftUpdateCheck = 1420;
				LastUpgradeCheck = 1420;
				TargetAttributes = {
					C932AB2629939285006B3FFB = {
						CreatedOnToolsVersion = 14.2;
					};
				};
			};
			buildConfigurationList = C932AB2229939285006B3FFB /* Build configuration list for PBXProject "clock-app" */;
			compatibilityVersion = "Xcode 14.0";
			developmentRegion = en;
			hasScannedForEncodings = 0;
			knownRegions = (
				en,
				Base,
			);
			mainGroup = C932AB1E29939285006B3FFB;
			productRefGroup = C932AB2829939285006B3FFB /* Products */;
			projectDirPath = "";
			projectRoot = "";
			targets = (
				C932AB2629939285006B3FFB /* clock-app */,
			);
		};
/* End PBXProject section */

/* Begin PBXResourcesBuildPhase section */
		C932AB2529939285006B3FFB /* Resources */ = {
			isa = PBXResourcesBuildPhase;
			buildActionMask = 2147483647;
			files = (
				C94A6D1429ADD6B200CF8720 /* part1.m4a in Resources */,
				C94A6D1C29ADD9A100CF8720 /* playTime.mp3 in Resources */,
				C94A6D1529ADD6B200CF8720 /* part2.m4a in Resources */,
				C94A6D1F29ADD9A100CF8720 /* sea.mp3 in Resources */,
				C94A6D1629ADD6B200CF8720 /* part3.m4a in Resources */,
				8893412929B7FCE60078431E /* daydream.wav in Resources */,
				C94A6D1E29ADD9A100CF8720 /* green.mp3 in Resources */,
				8893412A29B7FCE60078431E /* green.wav in Resources */,
				8893412C29B7FCE60078431E /* playTime.wav in Resources */,
				8893412B29B7FCE60078431E /* sea.wav in Resources */,
				C94A6D1729ADD6B200CF8720 /* part4.m4a in Resources */,
				C94A6D1D29ADD9A100CF8720 /* daydream.mp3 in Resources */,
				C932AB3A29939286006B3FFB /* LaunchScreen.storyboard in Resources */,
				C932AB3729939286006B3FFB /* Assets.xcassets in Resources */,
				C932AB3229939285006B3FFB /* Main.storyboard in Resources */,
			);
			runOnlyForDeploymentPostprocessing = 0;
		};
/* End PBXResourcesBuildPhase section */

/* Begin PBXSourcesBuildPhase section */
		C932AB2329939285006B3FFB /* Sources */ = {
			isa = PBXSourcesBuildPhase;
			buildActionMask = 2147483647;
			files = (
				C9C4E58A29A6FD25002E99B0 /* AlarmSettingRepeatTableViewCell.swift in Sources */,
				C9C4E58C29A6FD5E002E99B0 /* AlarmSettingLabelTableViewCell.swift in Sources */,
				C932AB2F29939285006B3FFB /* WorldClockViewController.swift in Sources */,
				8876F08C29A5826E003CB7D8 /* AlarmGenerateViewController.swift in Sources */,
				C9C4E59029A6FD90002E99B0 /* AlarmSettingAgainTableViewCell.swift in Sources */,
				C94D525929E24938009700BF /* requestAlarmNotification.swift in Sources */,
				C94A6D4A29B03AC000CF8720 /* WorldClockData+CoreDataClass.swift in Sources */,
				C932AB2B29939285006B3FFB /* AppDelegate.swift in Sources */,
				C94A6D5F29B988C600CF8720 /* ParsingJaeum.swift in Sources */,
				8807FBE52994664600D20220 /* WorldClockSelectViewController.swift in Sources */,
				C95B475C299B453C002656CA /* WorldClockManager.swift in Sources */,
				C932AB3529939285006B3FFB /* clock_app.xcdatamodeld in Sources */,
				C92CBDBE29A4A3C70000BF73 /* AlarmTableViewCell.swift in Sources */,
				C94A6DA929CBC6B400CF8720 /* TimerViewController.swift in Sources */,
				88BBB95829DA3CBF00B63D98 /* TimerRingtoneSelectViewController.swift in Sources */,
				C94A6D5829B0690500CF8720 /* AlarmData+CoreDataClass.swift in Sources */,
				C9C4E58E29A6FD71002E99B0 /* AlarmSettingSoundTableViewCell.swift in Sources */,
				C92CBDC329A4A5AA0000BF73 /* AlarmManager.swift in Sources */,
				88BBB95F29DF90B300B63D98 /* playSound.swift in Sources */,
				C932AB2D29939285006B3FFB /* SceneDelegate.swift in Sources */,
				C94A6D4B29B03AC000CF8720 /* WorldClockData+CoreDataProperties.swift in Sources */,
				C95B474C299A17F4002656CA /* WorldClockSelectTableViewCell.swift in Sources */,
				88BC72F629A829B100F6ADD2 /* AlarmRepeatDetailTableViewCell.swift in Sources */,
				8807FBE1299460CC00D20220 /* AlarmViewController.swift in Sources */,
				88BBB95C29DA4B0F00B63D98 /* translateSoundName.swift in Sources */,
				C94A6DA429C5642300CF8720 /* StopWatchViewController.swift in Sources */,
				88BBB95A29DA45F100B63D98 /* TimerRingtoneSelectTableViewCell.swift in Sources */,
				8876F08E29A582FE003CB7D8 /* AlarmGenerateNavigationController.swift in Sources */,
				C95B474A299A101B002656CA /* WorldClockTableViewCell.swift in Sources */,
				C92CBDBC29A49AB50000BF73 /* AlarmNavigationViewController.swift in Sources */,
				C95B4750299A1FB4002656CA /* WorldClockSelectNavigationViewController.swift in Sources */,
				C94A6D2129ADDEF900CF8720 /* AlarmSoundDetailTableViewCell.swift in Sources */,
				C94A6D5929B0690500CF8720 /* AlarmData+CoreDataProperties.swift in Sources */,
				88BC72F429A8258600F6ADD2 /* AlarmRepeatDetailViewController.swift in Sources */,
				C94A6DA629C5693400CF8720 /* StopWatchTableViewCell.swift in Sources */,
				C92CBDB7299E02710000BF73 /* WorldClockTabBarViewController.swift in Sources */,
				C94A6D1129A899C500CF8720 /* AlarmSoundDetailViewController.swift in Sources */,
				C94A6D5C29B6AEB300CF8720 /* NotificationService.swift in Sources */,
				C94A6D4529B039C800CF8720 /* alarm.xcdatamodeld in Sources */,
			);
			runOnlyForDeploymentPostprocessing = 0;
		};
/* End PBXSourcesBuildPhase section */

/* Begin PBXVariantGroup section */
		C932AB3029939285006B3FFB /* Main.storyboard */ = {
			isa = PBXVariantGroup;
			children = (
				C932AB3129939285006B3FFB /* Base */,
			);
			name = Main.storyboard;
			sourceTree = "<group>";
		};
		C932AB3829939286006B3FFB /* LaunchScreen.storyboard */ = {
			isa = PBXVariantGroup;
			children = (
				C932AB3929939286006B3FFB /* Base */,
			);
			name = LaunchScreen.storyboard;
			sourceTree = "<group>";
		};
/* End PBXVariantGroup section */

/* Begin XCBuildConfiguration section */
		C932AB3C29939286006B3FFB /* Debug */ = {
			isa = XCBuildConfiguration;
			buildSettings = {
				ALWAYS_SEARCH_USER_PATHS = NO;
				CLANG_ANALYZER_NONNULL = YES;
				CLANG_ANALYZER_NUMBER_OBJECT_CONVERSION = YES_AGGRESSIVE;
				CLANG_CXX_LANGUAGE_STANDARD = "gnu++20";
				CLANG_ENABLE_MODULES = YES;
				CLANG_ENABLE_OBJC_ARC = YES;
				CLANG_ENABLE_OBJC_WEAK = YES;
				CLANG_WARN_BLOCK_CAPTURE_AUTORELEASING = YES;
				CLANG_WARN_BOOL_CONVERSION = YES;
				CLANG_WARN_COMMA = YES;
				CLANG_WARN_CONSTANT_CONVERSION = YES;
				CLANG_WARN_DEPRECATED_OBJC_IMPLEMENTATIONS = YES;
				CLANG_WARN_DIRECT_OBJC_ISA_USAGE = YES_ERROR;
				CLANG_WARN_DOCUMENTATION_COMMENTS = YES;
				CLANG_WARN_EMPTY_BODY = YES;
				CLANG_WARN_ENUM_CONVERSION = YES;
				CLANG_WARN_INFINITE_RECURSION = YES;
				CLANG_WARN_INT_CONVERSION = YES;
				CLANG_WARN_NON_LITERAL_NULL_CONVERSION = YES;
				CLANG_WARN_OBJC_IMPLICIT_RETAIN_SELF = YES;
				CLANG_WARN_OBJC_LITERAL_CONVERSION = YES;
				CLANG_WARN_OBJC_ROOT_CLASS = YES_ERROR;
				CLANG_WARN_QUOTED_INCLUDE_IN_FRAMEWORK_HEADER = YES;
				CLANG_WARN_RANGE_LOOP_ANALYSIS = YES;
				CLANG_WARN_STRICT_PROTOTYPES = YES;
				CLANG_WARN_SUSPICIOUS_MOVE = YES;
				CLANG_WARN_UNGUARDED_AVAILABILITY = YES_AGGRESSIVE;
				CLANG_WARN_UNREACHABLE_CODE = YES;
				CLANG_WARN__DUPLICATE_METHOD_MATCH = YES;
				COPY_PHASE_STRIP = NO;
				DEBUG_INFORMATION_FORMAT = dwarf;
				ENABLE_STRICT_OBJC_MSGSEND = YES;
				ENABLE_TESTABILITY = YES;
				GCC_C_LANGUAGE_STANDARD = gnu11;
				GCC_DYNAMIC_NO_PIC = NO;
				GCC_NO_COMMON_BLOCKS = YES;
				GCC_OPTIMIZATION_LEVEL = 0;
				GCC_PREPROCESSOR_DEFINITIONS = (
					"DEBUG=1",
					"$(inherited)",
				);
				GCC_WARN_64_TO_32_BIT_CONVERSION = YES;
				GCC_WARN_ABOUT_RETURN_TYPE = YES_ERROR;
				GCC_WARN_UNDECLARED_SELECTOR = YES;
				GCC_WARN_UNINITIALIZED_AUTOS = YES_AGGRESSIVE;
				GCC_WARN_UNUSED_FUNCTION = YES;
				GCC_WARN_UNUSED_VARIABLE = YES;
				IPHONEOS_DEPLOYMENT_TARGET = 16.2;
				MTL_ENABLE_DEBUG_INFO = INCLUDE_SOURCE;
				MTL_FAST_MATH = YES;
				ONLY_ACTIVE_ARCH = YES;
				SDKROOT = iphoneos;
				SWIFT_ACTIVE_COMPILATION_CONDITIONS = DEBUG;
				SWIFT_OPTIMIZATION_LEVEL = "-Onone";
			};
			name = Debug;
		};
		C932AB3D29939286006B3FFB /* Release */ = {
			isa = XCBuildConfiguration;
			buildSettings = {
				ALWAYS_SEARCH_USER_PATHS = NO;
				CLANG_ANALYZER_NONNULL = YES;
				CLANG_ANALYZER_NUMBER_OBJECT_CONVERSION = YES_AGGRESSIVE;
				CLANG_CXX_LANGUAGE_STANDARD = "gnu++20";
				CLANG_ENABLE_MODULES = YES;
				CLANG_ENABLE_OBJC_ARC = YES;
				CLANG_ENABLE_OBJC_WEAK = YES;
				CLANG_WARN_BLOCK_CAPTURE_AUTORELEASING = YES;
				CLANG_WARN_BOOL_CONVERSION = YES;
				CLANG_WARN_COMMA = YES;
				CLANG_WARN_CONSTANT_CONVERSION = YES;
				CLANG_WARN_DEPRECATED_OBJC_IMPLEMENTATIONS = YES;
				CLANG_WARN_DIRECT_OBJC_ISA_USAGE = YES_ERROR;
				CLANG_WARN_DOCUMENTATION_COMMENTS = YES;
				CLANG_WARN_EMPTY_BODY = YES;
				CLANG_WARN_ENUM_CONVERSION = YES;
				CLANG_WARN_INFINITE_RECURSION = YES;
				CLANG_WARN_INT_CONVERSION = YES;
				CLANG_WARN_NON_LITERAL_NULL_CONVERSION = YES;
				CLANG_WARN_OBJC_IMPLICIT_RETAIN_SELF = YES;
				CLANG_WARN_OBJC_LITERAL_CONVERSION = YES;
				CLANG_WARN_OBJC_ROOT_CLASS = YES_ERROR;
				CLANG_WARN_QUOTED_INCLUDE_IN_FRAMEWORK_HEADER = YES;
				CLANG_WARN_RANGE_LOOP_ANALYSIS = YES;
				CLANG_WARN_STRICT_PROTOTYPES = YES;
				CLANG_WARN_SUSPICIOUS_MOVE = YES;
				CLANG_WARN_UNGUARDED_AVAILABILITY = YES_AGGRESSIVE;
				CLANG_WARN_UNREACHABLE_CODE = YES;
				CLANG_WARN__DUPLICATE_METHOD_MATCH = YES;
				COPY_PHASE_STRIP = NO;
				DEBUG_INFORMATION_FORMAT = "dwarf-with-dsym";
				ENABLE_NS_ASSERTIONS = NO;
				ENABLE_STRICT_OBJC_MSGSEND = YES;
				GCC_C_LANGUAGE_STANDARD = gnu11;
				GCC_NO_COMMON_BLOCKS = YES;
				GCC_WARN_64_TO_32_BIT_CONVERSION = YES;
				GCC_WARN_ABOUT_RETURN_TYPE = YES_ERROR;
				GCC_WARN_UNDECLARED_SELECTOR = YES;
				GCC_WARN_UNINITIALIZED_AUTOS = YES_AGGRESSIVE;
				GCC_WARN_UNUSED_FUNCTION = YES;
				GCC_WARN_UNUSED_VARIABLE = YES;
				IPHONEOS_DEPLOYMENT_TARGET = 16.2;
				MTL_ENABLE_DEBUG_INFO = NO;
				MTL_FAST_MATH = YES;
				SDKROOT = iphoneos;
				SWIFT_COMPILATION_MODE = wholemodule;
				SWIFT_OPTIMIZATION_LEVEL = "-O";
				VALIDATE_PRODUCT = YES;
			};
			name = Release;
		};
		C932AB3F29939286006B3FFB /* Debug */ = {
			isa = XCBuildConfiguration;
			buildSettings = {
				ALLOW_TARGET_PLATFORM_SPECIALIZATION = YES;
				ASSETCATALOG_COMPILER_APPICON_NAME = AppIcon;
				ASSETCATALOG_COMPILER_GLOBAL_ACCENT_COLOR_NAME = AccentColor;
				CODE_SIGN_ENTITLEMENTS = "clock-app/clock-app.entitlements";
				CODE_SIGN_STYLE = Automatic;
				CURRENT_PROJECT_VERSION = 1;
				DEVELOPMENT_TEAM = 5JQS3FU5R6;
				GENERATE_INFOPLIST_FILE = YES;
				INFOPLIST_FILE = "clock-app/Info.plist";
				INFOPLIST_KEY_UIApplicationSupportsIndirectInputEvents = YES;
				INFOPLIST_KEY_UILaunchStoryboardName = LaunchScreen;
				INFOPLIST_KEY_UIMainStoryboardFile = Main;
				INFOPLIST_KEY_UISupportedInterfaceOrientations_iPad = "UIInterfaceOrientationPortrait UIInterfaceOrientationPortraitUpsideDown UIInterfaceOrientationLandscapeLeft UIInterfaceOrientationLandscapeRight";
				INFOPLIST_KEY_UISupportedInterfaceOrientations_iPhone = "UIInterfaceOrientationPortrait UIInterfaceOrientationLandscapeLeft UIInterfaceOrientationLandscapeRight";
				IPHONEOS_DEPLOYMENT_TARGET = 16.0;
				LD_RUNPATH_SEARCH_PATHS = (
					"$(inherited)",
					"@executable_path/Frameworks",
				);
				MARKETING_VERSION = 1.0;
				PRODUCT_BUNDLE_IDENTIFIER = "com.parkjju.clock-app";
				PRODUCT_NAME = "$(TARGET_NAME)";
				SUPPORTED_PLATFORMS = "iphoneos iphonesimulator";
				SUPPORTS_MACCATALYST = NO;
				SUPPORTS_MAC_DESIGNED_FOR_IPHONE_IPAD = NO;
				SWIFT_EMIT_LOC_STRINGS = YES;
				SWIFT_VERSION = 5.0;
				TARGETED_DEVICE_FAMILY = 1;
			};
			name = Debug;
		};
		C932AB4029939286006B3FFB /* Release */ = {
			isa = XCBuildConfiguration;
			buildSettings = {
				ALLOW_TARGET_PLATFORM_SPECIALIZATION = YES;
				ASSETCATALOG_COMPILER_APPICON_NAME = AppIcon;
				ASSETCATALOG_COMPILER_GLOBAL_ACCENT_COLOR_NAME = AccentColor;
				CODE_SIGN_ENTITLEMENTS = "clock-app/clock-app.entitlements";
				CODE_SIGN_STYLE = Automatic;
				CURRENT_PROJECT_VERSION = 1;
				DEVELOPMENT_TEAM = 5JQS3FU5R6;
				GENERATE_INFOPLIST_FILE = YES;
				INFOPLIST_FILE = "clock-app/Info.plist";
				INFOPLIST_KEY_UIApplicationSupportsIndirectInputEvents = YES;
				INFOPLIST_KEY_UILaunchStoryboardName = LaunchScreen;
				INFOPLIST_KEY_UIMainStoryboardFile = Main;
				INFOPLIST_KEY_UISupportedInterfaceOrientations_iPad = "UIInterfaceOrientationPortrait UIInterfaceOrientationPortraitUpsideDown UIInterfaceOrientationLandscapeLeft UIInterfaceOrientationLandscapeRight";
				INFOPLIST_KEY_UISupportedInterfaceOrientations_iPhone = "UIInterfaceOrientationPortrait UIInterfaceOrientationLandscapeLeft UIInterfaceOrientationLandscapeRight";
				IPHONEOS_DEPLOYMENT_TARGET = 16.0;
				LD_RUNPATH_SEARCH_PATHS = (
					"$(inherited)",
					"@executable_path/Frameworks",
				);
				MARKETING_VERSION = 1.0;
				PRODUCT_BUNDLE_IDENTIFIER = "com.parkjju.clock-app";
				PRODUCT_NAME = "$(TARGET_NAME)";
				SUPPORTED_PLATFORMS = "iphoneos iphonesimulator";
				SUPPORTS_MACCATALYST = NO;
				SUPPORTS_MAC_DESIGNED_FOR_IPHONE_IPAD = NO;
				SWIFT_EMIT_LOC_STRINGS = YES;
				SWIFT_VERSION = 5.0;
				TARGETED_DEVICE_FAMILY = 1;
			};
			name = Release;
		};
/* End XCBuildConfiguration section */

/* Begin XCConfigurationList section */
		C932AB2229939285006B3FFB /* Build configuration list for PBXProject "clock-app" */ = {
			isa = XCConfigurationList;
			buildConfigurations = (
				C932AB3C29939286006B3FFB /* Debug */,
				C932AB3D29939286006B3FFB /* Release */,
			);
			defaultConfigurationIsVisible = 0;
			defaultConfigurationName = Release;
		};
		C932AB3E29939286006B3FFB /* Build configuration list for PBXNativeTarget "clock-app" */ = {
			isa = XCConfigurationList;
			buildConfigurations = (
				C932AB3F29939286006B3FFB /* Debug */,
				C932AB4029939286006B3FFB /* Release */,
			);
			defaultConfigurationIsVisible = 0;
			defaultConfigurationName = Release;
		};
/* End XCConfigurationList section */

/* Begin XCVersionGroup section */
		C932AB3329939285006B3FFB /* clock_app.xcdatamodeld */ = {
			isa = XCVersionGroup;
			children = (
				C932AB3429939285006B3FFB /* clock_app.xcdatamodel */,
			);
			currentVersion = C932AB3429939285006B3FFB /* clock_app.xcdatamodel */;
			path = clock_app.xcdatamodeld;
			sourceTree = "<group>";
			versionGroupType = wrapper.xcdatamodel;
		};
		C94A6D4329B039C800CF8720 /* alarm.xcdatamodeld */ = {
			isa = XCVersionGroup;
			children = (
				C94A6D4429B039C800CF8720 /* alarm.xcdatamodel */,
			);
			currentVersion = C94A6D4429B039C800CF8720 /* alarm.xcdatamodel */;
			path = alarm.xcdatamodeld;
			sourceTree = "<group>";
			versionGroupType = wrapper.xcdatamodel;
		};
/* End XCVersionGroup section */
	};
	rootObject = C932AB1F29939285006B3FFB /* Project object */;
}
