// !$*UTF8*$!
{
	archiveVersion = 1;
	classes = {
	};
	objectVersion = 56;
	objects = {

/* Begin PBXBuildFile section */
		8807FBE1299460CC00D20220 /* AlarmViewController.swift in Sources */ = {isa = PBXBuildFile; fileRef = 8807FBE0299460CC00D20220 /* AlarmViewController.swift */; };
		8807FBE52994664600D20220 /* WorldClockSelectViewController.swift in Sources */ = {isa = PBXBuildFile; fileRef = 8807FBE42994664600D20220 /* WorldClockSelectViewController.swift */; };
		C932AB2B29939285006B3FFB /* AppDelegate.swift in Sources */ = {isa = PBXBuildFile; fileRef = C932AB2A29939285006B3FFB /* AppDelegate.swift */; };
		C932AB2D29939285006B3FFB /* SceneDelegate.swift in Sources */ = {isa = PBXBuildFile; fileRef = C932AB2C29939285006B3FFB /* SceneDelegate.swift */; };
		C932AB2F29939285006B3FFB /* WorldClockViewController.swift in Sources */ = {isa = PBXBuildFile; fileRef = C932AB2E29939285006B3FFB /* WorldClockViewController.swift */; };
		C932AB3229939285006B3FFB /* Main.storyboard in Resources */ = {isa = PBXBuildFile; fileRef = C932AB3029939285006B3FFB /* Main.storyboard */; };
		C932AB3529939285006B3FFB /* clock_app.xcdatamodeld in Sources */ = {isa = PBXBuildFile; fileRef = C932AB3329939285006B3FFB /* clock_app.xcdatamodeld */; };
		C932AB3729939286006B3FFB /* Assets.xcassets in Resources */ = {isa = PBXBuildFile; fileRef = C932AB3629939286006B3FFB /* Assets.xcassets */; };
		C932AB3A29939286006B3FFB /* LaunchScreen.storyboard in Resources */ = {isa = PBXBuildFile; fileRef = C932AB3829939286006B3FFB /* LaunchScreen.storyboard */; };
		C95B474A299A101B002656CA /* WorldClockTableViewCell.swift in Sources */ = {isa = PBXBuildFile; fileRef = C95B4749299A101B002656CA /* WorldClockTableViewCell.swift */; };
		C95B474C299A17F4002656CA /* WorldClockSelectTableViewCell.swift in Sources */ = {isa = PBXBuildFile; fileRef = C95B474B299A17F4002656CA /* WorldClockSelectTableViewCell.swift */; };
		C95B4750299A1FB4002656CA /* WorldClockSelectNavigationViewController.swift in Sources */ = {isa = PBXBuildFile; fileRef = C95B474F299A1FB4002656CA /* WorldClockSelectNavigationViewController.swift */; };
		C95B475C299B453C002656CA /* WorldClockManager.swift in Sources */ = {isa = PBXBuildFile; fileRef = C95B475B299B453C002656CA /* WorldClockManager.swift */; };
		C95B4763299B4609002656CA /* WorldClockData+CoreDataClass.swift in Sources */ = {isa = PBXBuildFile; fileRef = C95B4761299B4609002656CA /* WorldClockData+CoreDataClass.swift */; };
		C95B4764299B4609002656CA /* WorldClockData+CoreDataProperties.swift in Sources */ = {isa = PBXBuildFile; fileRef = C95B4762299B4609002656CA /* WorldClockData+CoreDataProperties.swift */; };
		C95B4772299CEB5C002656CA /* WorldClockNavigationViewController.swift in Sources */ = {isa = PBXBuildFile; fileRef = C95B4771299CEB5C002656CA /* WorldClockNavigationViewController.swift */; };
/* End PBXBuildFile section */

/* Begin PBXFileReference section */
		8807FBE0299460CC00D20220 /* AlarmViewController.swift */ = {isa = PBXFileReference; lastKnownFileType = sourcecode.swift; path = AlarmViewController.swift; sourceTree = "<group>"; };
		8807FBE42994664600D20220 /* WorldClockSelectViewController.swift */ = {isa = PBXFileReference; lastKnownFileType = sourcecode.swift; path = WorldClockSelectViewController.swift; sourceTree = "<group>"; };
		C932AB2729939285006B3FFB /* clock-app.app */ = {isa = PBXFileReference; explicitFileType = wrapper.application; includeInIndex = 0; path = "clock-app.app"; sourceTree = BUILT_PRODUCTS_DIR; };
		C932AB2A29939285006B3FFB /* AppDelegate.swift */ = {isa = PBXFileReference; lastKnownFileType = sourcecode.swift; path = AppDelegate.swift; sourceTree = "<group>"; };
		C932AB2C29939285006B3FFB /* SceneDelegate.swift */ = {isa = PBXFileReference; lastKnownFileType = sourcecode.swift; path = SceneDelegate.swift; sourceTree = "<group>"; };
		C932AB2E29939285006B3FFB /* WorldClockViewController.swift */ = {isa = PBXFileReference; lastKnownFileType = sourcecode.swift; path = WorldClockViewController.swift; sourceTree = "<group>"; };
		C932AB3129939285006B3FFB /* Base */ = {isa = PBXFileReference; lastKnownFileType = file.storyboard; name = Base; path = Base.lproj/Main.storyboard; sourceTree = "<group>"; };
		C932AB3429939285006B3FFB /* clock_app.xcdatamodel */ = {isa = PBXFileReference; lastKnownFileType = wrapper.xcdatamodel; path = clock_app.xcdatamodel; sourceTree = "<group>"; };
		C932AB3629939286006B3FFB /* Assets.xcassets */ = {isa = PBXFileReference; lastKnownFileType = folder.assetcatalog; path = Assets.xcassets; sourceTree = "<group>"; };
		C932AB3929939286006B3FFB /* Base */ = {isa = PBXFileReference; lastKnownFileType = file.storyboard; name = Base; path = Base.lproj/LaunchScreen.storyboard; sourceTree = "<group>"; };
		C932AB3B29939286006B3FFB /* Info.plist */ = {isa = PBXFileReference; lastKnownFileType = text.plist.xml; path = Info.plist; sourceTree = "<group>"; };
		C95B4749299A101B002656CA /* WorldClockTableViewCell.swift */ = {isa = PBXFileReference; lastKnownFileType = sourcecode.swift; path = WorldClockTableViewCell.swift; sourceTree = "<group>"; };
		C95B474B299A17F4002656CA /* WorldClockSelectTableViewCell.swift */ = {isa = PBXFileReference; lastKnownFileType = sourcecode.swift; path = WorldClockSelectTableViewCell.swift; sourceTree = "<group>"; };
		C95B474F299A1FB4002656CA /* WorldClockSelectNavigationViewController.swift */ = {isa = PBXFileReference; lastKnownFileType = sourcecode.swift; path = WorldClockSelectNavigationViewController.swift; sourceTree = "<group>"; };
		C95B475B299B453C002656CA /* WorldClockManager.swift */ = {isa = PBXFileReference; lastKnownFileType = sourcecode.swift; path = WorldClockManager.swift; sourceTree = "<group>"; };
		C95B4761299B4609002656CA /* WorldClockData+CoreDataClass.swift */ = {isa = PBXFileReference; lastKnownFileType = sourcecode.swift; name = "WorldClockData+CoreDataClass.swift"; path = "../../../WorldClockData+CoreDataClass.swift"; sourceTree = "<group>"; };
		C95B4762299B4609002656CA /* WorldClockData+CoreDataProperties.swift */ = {isa = PBXFileReference; lastKnownFileType = sourcecode.swift; name = "WorldClockData+CoreDataProperties.swift"; path = "../../../WorldClockData+CoreDataProperties.swift"; sourceTree = "<group>"; };
		C95B4771299CEB5C002656CA /* WorldClockNavigationViewController.swift */ = {isa = PBXFileReference; lastKnownFileType = sourcecode.swift; path = WorldClockNavigationViewController.swift; sourceTree = "<group>"; };
/* End PBXFileReference section */

/* Begin PBXFrameworksBuildPhase section */
		C932AB2429939285006B3FFB /* Frameworks */ = {
			isa = PBXFrameworksBuildPhase;
			buildActionMask = 2147483647;
			files = (
			);
			runOnlyForDeploymentPostprocessing = 0;
		};
/* End PBXFrameworksBuildPhase section */

/* Begin PBXGroup section */
		8807FBE22994661500D20220 /* WorldClock */ = {
			isa = PBXGroup;
			children = (
				C932AB2E29939285006B3FFB /* WorldClockViewController.swift */,
				8807FBE42994664600D20220 /* WorldClockSelectViewController.swift */,
				C95B4749299A101B002656CA /* WorldClockTableViewCell.swift */,
				C95B474B299A17F4002656CA /* WorldClockSelectTableViewCell.swift */,
				C95B474F299A1FB4002656CA /* WorldClockSelectNavigationViewController.swift */,
				C95B4771299CEB5C002656CA /* WorldClockNavigationViewController.swift */,
			);
			path = WorldClock;
			sourceTree = "<group>";
		};
		C932AB1E29939285006B3FFB = {
			isa = PBXGroup;
			children = (
				C932AB2929939285006B3FFB /* clock-app */,
				C932AB2829939285006B3FFB /* Products */,
			);
			sourceTree = "<group>";
		};
		C932AB2829939285006B3FFB /* Products */ = {
			isa = PBXGroup;
			children = (
				C932AB2729939285006B3FFB /* clock-app.app */,
			);
			name = Products;
			sourceTree = "<group>";
		};
		C932AB2929939285006B3FFB /* clock-app */ = {
			isa = PBXGroup;
			children = (
				C932AB2A29939285006B3FFB /* AppDelegate.swift */,
				C932AB2C29939285006B3FFB /* SceneDelegate.swift */,
				C932AB43299392C9006B3FFB /* Models */,
				C932AB42299392C3006B3FFB /* Views */,
				C932AB41299392BE006B3FFB /* Controllers */,
				C932AB3629939286006B3FFB /* Assets.xcassets */,
				C932AB3829939286006B3FFB /* LaunchScreen.storyboard */,
				C932AB3B29939286006B3FFB /* Info.plist */,
				C932AB3329939285006B3FFB /* clock_app.xcdatamodeld */,
			);
			path = "clock-app";
			sourceTree = "<group>";
		};
		C932AB41299392BE006B3FFB /* Controllers */ = {
			isa = PBXGroup;
			children = (
				8807FBE22994661500D20220 /* WorldClock */,
				8807FBE0299460CC00D20220 /* AlarmViewController.swift */,
			);
			path = Controllers;
			sourceTree = "<group>";
		};
		C932AB42299392C3006B3FFB /* Views */ = {
			isa = PBXGroup;
			children = (
				C932AB3029939285006B3FFB /* Main.storyboard */,
			);
			path = Views;
			sourceTree = "<group>";
		};
		C932AB43299392C9006B3FFB /* Models */ = {
			isa = PBXGroup;
			children = (
				C95B4753299B441A002656CA /* WorldClock */,
			);
			path = Models;
			sourceTree = "<group>";
		};
		C95B4753299B441A002656CA /* WorldClock */ = {
			isa = PBXGroup;
			children = (
				C95B4761299B4609002656CA /* WorldClockData+CoreDataClass.swift */,
				C95B4762299B4609002656CA /* WorldClockData+CoreDataProperties.swift */,
				C95B475B299B453C002656CA /* WorldClockManager.swift */,
			);
			path = WorldClock;
			sourceTree = "<group>";
		};
/* End PBXGroup section */

/* Begin PBXNativeTarget section */
		C932AB2629939285006B3FFB /* clock-app */ = {
			isa = PBXNativeTarget;
			buildConfigurationList = C932AB3E29939286006B3FFB /* Build configuration list for PBXNativeTarget "clock-app" */;
			buildPhases = (
				C932AB2329939285006B3FFB /* Sources */,
				C932AB2429939285006B3FFB /* Frameworks */,
				C932AB2529939285006B3FFB /* Resources */,
			);
			buildRules = (
			);
			dependencies = (
			);
			name = "clock-app";
			productName = "clock-app";
			productReference = C932AB2729939285006B3FFB /* clock-app.app */;
			productType = "com.apple.product-type.application";
		};
/* End PBXNativeTarget section */

/* Begin PBXProject section */
		C932AB1F29939285006B3FFB /* Project object */ = {
			isa = PBXProject;
			attributes = {
				BuildIndependentTargetsInParallel = 1;
				LastSwiftUpdateCheck = 1420;
				LastUpgradeCheck = 1420;
				TargetAttributes = {
					C932AB2629939285006B3FFB = {
						CreatedOnToolsVersion = 14.2;
					};
				};
			};
			buildConfigurationList = C932AB2229939285006B3FFB /* Build configuration list for PBXProject "clock-app" */;
			compatibilityVersion = "Xcode 14.0";
			developmentRegion = en;
			hasScannedForEncodings = 0;
			knownRegions = (
				en,
				Base,
			);
			mainGroup = C932AB1E29939285006B3FFB;
			productRefGroup = C932AB2829939285006B3FFB /* Products */;
			projectDirPath = "";
			projectRoot = "";
			targets = (
				C932AB2629939285006B3FFB /* clock-app */,
			);
		};
/* End PBXProject section */

/* Begin PBXResourcesBuildPhase section */
		C932AB2529939285006B3FFB /* Resources */ = {
			isa = PBXResourcesBuildPhase;
			buildActionMask = 2147483647;
			files = (
				C932AB3A29939286006B3FFB /* LaunchScreen.storyboard in Resources */,
				C932AB3729939286006B3FFB /* Assets.xcassets in Resources */,
				C932AB3229939285006B3FFB /* Main.storyboard in Resources */,
			);
			runOnlyForDeploymentPostprocessing = 0;
		};
/* End PBXResourcesBuildPhase section */

/* Begin PBXSourcesBuildPhase section */
		C932AB2329939285006B3FFB /* Sources */ = {
			isa = PBXSourcesBuildPhase;
			buildActionMask = 2147483647;
			files = (
				C932AB2F29939285006B3FFB /* WorldClockViewController.swift in Sources */,
				C932AB2B29939285006B3FFB /* AppDelegate.swift in Sources */,
				C95B4772299CEB5C002656CA /* WorldClockNavigationViewController.swift in Sources */,
				8807FBE52994664600D20220 /* WorldClockSelectViewController.swift in Sources */,
				C95B475C299B453C002656CA /* WorldClockManager.swift in Sources */,
				C932AB3529939285006B3FFB /* clock_app.xcdatamodeld in Sources */,
				C932AB2D29939285006B3FFB /* SceneDelegate.swift in Sources */,
				C95B474C299A17F4002656CA /* WorldClockSelectTableViewCell.swift in Sources */,
				8807FBE1299460CC00D20220 /* AlarmViewController.swift in Sources */,
				C95B474A299A101B002656CA /* WorldClockTableViewCell.swift in Sources */,
				C95B4763299B4609002656CA /* WorldClockData+CoreDataClass.swift in Sources */,
				C95B4750299A1FB4002656CA /* WorldClockSelectNavigationViewController.swift in Sources */,
				C95B4764299B4609002656CA /* WorldClockData+CoreDataProperties.swift in Sources */,
			);
			runOnlyForDeploymentPostprocessing = 0;
		};
/* End PBXSourcesBuildPhase section */

/* Begin PBXVariantGroup section */
		C932AB3029939285006B3FFB /* Main.storyboard */ = {
			isa = PBXVariantGroup;
			children = (
				C932AB3129939285006B3FFB /* Base */,
			);
			name = Main.storyboard;
			sourceTree = "<group>";
		};
		C932AB3829939286006B3FFB /* LaunchScreen.storyboard */ = {
			isa = PBXVariantGroup;
			children = (
				C932AB3929939286006B3FFB /* Base */,
			);
			name = LaunchScreen.storyboard;
			sourceTree = "<group>";
		};
/* End PBXVariantGroup section */

/* Begin XCBuildConfiguration section */
		C932AB3C29939286006B3FFB /* Debug */ = {
			isa = XCBuildConfiguration;
			buildSettings = {
				ALWAYS_SEARCH_USER_PATHS = NO;
				CLANG_ANALYZER_NONNULL = YES;
				CLANG_ANALYZER_NUMBER_OBJECT_CONVERSION = YES_AGGRESSIVE;
				CLANG_CXX_LANGUAGE_STANDARD = "gnu++20";
				CLANG_ENABLE_MODULES = YES;
				CLANG_ENABLE_OBJC_ARC = YES;
				CLANG_ENABLE_OBJC_WEAK = YES;
				CLANG_WARN_BLOCK_CAPTURE_AUTORELEASING = YES;
				CLANG_WARN_BOOL_CONVERSION = YES;
				CLANG_WARN_COMMA = YES;
				CLANG_WARN_CONSTANT_CONVERSION = YES;
				CLANG_WARN_DEPRECATED_OBJC_IMPLEMENTATIONS = YES;
				CLANG_WARN_DIRECT_OBJC_ISA_USAGE = YES_ERROR;
				CLANG_WARN_DOCUMENTATION_COMMENTS = YES;
				CLANG_WARN_EMPTY_BODY = YES;
				CLANG_WARN_ENUM_CONVERSION = YES;
				CLANG_WARN_INFINITE_RECURSION = YES;
				CLANG_WARN_INT_CONVERSION = YES;
				CLANG_WARN_NON_LITERAL_NULL_CONVERSION = YES;
				CLANG_WARN_OBJC_IMPLICIT_RETAIN_SELF = YES;
				CLANG_WARN_OBJC_LITERAL_CONVERSION = YES;
				CLANG_WARN_OBJC_ROOT_CLASS = YES_ERROR;
				CLANG_WARN_QUOTED_INCLUDE_IN_FRAMEWORK_HEADER = YES;
				CLANG_WARN_RANGE_LOOP_ANALYSIS = YES;
				CLANG_WARN_STRICT_PROTOTYPES = YES;
				CLANG_WARN_SUSPICIOUS_MOVE = YES;
				CLANG_WARN_UNGUARDED_AVAILABILITY = YES_AGGRESSIVE;
				CLANG_WARN_UNREACHABLE_CODE = YES;
				CLANG_WARN__DUPLICATE_METHOD_MATCH = YES;
				COPY_PHASE_STRIP = NO;
				DEBUG_INFORMATION_FORMAT = dwarf;
				ENABLE_STRICT_OBJC_MSGSEND = YES;
				ENABLE_TESTABILITY = YES;
				GCC_C_LANGUAGE_STANDARD = gnu11;
				GCC_DYNAMIC_NO_PIC = NO;
				GCC_NO_COMMON_BLOCKS = YES;
				GCC_OPTIMIZATION_LEVEL = 0;
				GCC_PREPROCESSOR_DEFINITIONS = (
					"DEBUG=1",
					"$(inherited)",
				);
				GCC_WARN_64_TO_32_BIT_CONVERSION = YES;
				GCC_WARN_ABOUT_RETURN_TYPE = YES_ERROR;
				GCC_WARN_UNDECLARED_SELECTOR = YES;
				GCC_WARN_UNINITIALIZED_AUTOS = YES_AGGRESSIVE;
				GCC_WARN_UNUSED_FUNCTION = YES;
				GCC_WARN_UNUSED_VARIABLE = YES;
				IPHONEOS_DEPLOYMENT_TARGET = 16.2;
				MTL_ENABLE_DEBUG_INFO = INCLUDE_SOURCE;
				MTL_FAST_MATH = YES;
				ONLY_ACTIVE_ARCH = YES;
				SDKROOT = iphoneos;
				SWIFT_ACTIVE_COMPILATION_CONDITIONS = DEBUG;
				SWIFT_OPTIMIZATION_LEVEL = "-Onone";
			};
			name = Debug;
		};
		C932AB3D29939286006B3FFB /* Release */ = {
			isa = XCBuildConfiguration;
			buildSettings = {
				ALWAYS_SEARCH_USER_PATHS = NO;
				CLANG_ANALYZER_NONNULL = YES;
				CLANG_ANALYZER_NUMBER_OBJECT_CONVERSION = YES_AGGRESSIVE;
				CLANG_CXX_LANGUAGE_STANDARD = "gnu++20";
				CLANG_ENABLE_MODULES = YES;
				CLANG_ENABLE_OBJC_ARC = YES;
				CLANG_ENABLE_OBJC_WEAK = YES;
				CLANG_WARN_BLOCK_CAPTURE_AUTORELEASING = YES;
				CLANG_WARN_BOOL_CONVERSION = YES;
				CLANG_WARN_COMMA = YES;
				CLANG_WARN_CONSTANT_CONVERSION = YES;
				CLANG_WARN_DEPRECATED_OBJC_IMPLEMENTATIONS = YES;
				CLANG_WARN_DIRECT_OBJC_ISA_USAGE = YES_ERROR;
				CLANG_WARN_DOCUMENTATION_COMMENTS = YES;
				CLANG_WARN_EMPTY_BODY = YES;
				CLANG_WARN_ENUM_CONVERSION = YES;
				CLANG_WARN_INFINITE_RECURSION = YES;
				CLANG_WARN_INT_CONVERSION = YES;
				CLANG_WARN_NON_LITERAL_NULL_CONVERSION = YES;
				CLANG_WARN_OBJC_IMPLICIT_RETAIN_SELF = YES;
				CLANG_WARN_OBJC_LITERAL_CONVERSION = YES;
				CLANG_WARN_OBJC_ROOT_CLASS = YES_ERROR;
				CLANG_WARN_QUOTED_INCLUDE_IN_FRAMEWORK_HEADER = YES;
				CLANG_WARN_RANGE_LOOP_ANALYSIS = YES;
				CLANG_WARN_STRICT_PROTOTYPES = YES;
				CLANG_WARN_SUSPICIOUS_MOVE = YES;
				CLANG_WARN_UNGUARDED_AVAILABILITY = YES_AGGRESSIVE;
				CLANG_WARN_UNREACHABLE_CODE = YES;
				CLANG_WARN__DUPLICATE_METHOD_MATCH = YES;
				COPY_PHASE_STRIP = NO;
				DEBUG_INFORMATION_FORMAT = "dwarf-with-dsym";
				ENABLE_NS_ASSERTIONS = NO;
				ENABLE_STRICT_OBJC_MSGSEND = YES;
				GCC_C_LANGUAGE_STANDARD = gnu11;
				GCC_NO_COMMON_BLOCKS = YES;
				GCC_WARN_64_TO_32_BIT_CONVERSION = YES;
				GCC_WARN_ABOUT_RETURN_TYPE = YES_ERROR;
				GCC_WARN_UNDECLARED_SELECTOR = YES;
				GCC_WARN_UNINITIALIZED_AUTOS = YES_AGGRESSIVE;
				GCC_WARN_UNUSED_FUNCTION = YES;
				GCC_WARN_UNUSED_VARIABLE = YES;
				IPHONEOS_DEPLOYMENT_TARGET = 16.2;
				MTL_ENABLE_DEBUG_INFO = NO;
				MTL_FAST_MATH = YES;
				SDKROOT = iphoneos;
				SWIFT_COMPILATION_MODE = wholemodule;
				SWIFT_OPTIMIZATION_LEVEL = "-O";
				VALIDATE_PRODUCT = YES;
			};
			name = Release;
		};
		C932AB3F29939286006B3FFB /* Debug */ = {
			isa = XCBuildConfiguration;
			buildSettings = {
				ALLOW_TARGET_PLATFORM_SPECIALIZATION = YES;
				ASSETCATALOG_COMPILER_APPICON_NAME = AppIcon;
				ASSETCATALOG_COMPILER_GLOBAL_ACCENT_COLOR_NAME = AccentColor;
				CODE_SIGN_STYLE = Automatic;
				CURRENT_PROJECT_VERSION = 1;
				DEVELOPMENT_TEAM = 5JQS3FU5R6;
				GENERATE_INFOPLIST_FILE = YES;
				INFOPLIST_FILE = "clock-app/Info.plist";
				INFOPLIST_KEY_UIApplicationSupportsIndirectInputEvents = YES;
				INFOPLIST_KEY_UILaunchStoryboardName = LaunchScreen;
				INFOPLIST_KEY_UIMainStoryboardFile = Main;
				INFOPLIST_KEY_UISupportedInterfaceOrientations_iPad = "UIInterfaceOrientationPortrait UIInterfaceOrientationPortraitUpsideDown UIInterfaceOrientationLandscapeLeft UIInterfaceOrientationLandscapeRight";
				INFOPLIST_KEY_UISupportedInterfaceOrientations_iPhone = "UIInterfaceOrientationPortrait UIInterfaceOrientationLandscapeLeft UIInterfaceOrientationLandscapeRight";
				IPHONEOS_DEPLOYMENT_TARGET = 16.0;
				LD_RUNPATH_SEARCH_PATHS = (
					"$(inherited)",
					"@executable_path/Frameworks",
				);
				MARKETING_VERSION = 1.0;
				PRODUCT_BUNDLE_IDENTIFIER = "com.parkjju.clock-app";
				PRODUCT_NAME = "$(TARGET_NAME)";
				SUPPORTED_PLATFORMS = "iphoneos iphonesimulator";
				SUPPORTS_MACCATALYST = NO;
				SUPPORTS_MAC_DESIGNED_FOR_IPHONE_IPAD = NO;
				SWIFT_EMIT_LOC_STRINGS = YES;
				SWIFT_VERSION = 5.0;
				TARGETED_DEVICE_FAMILY = 1;
			};
			name = Debug;
		};
		C932AB4029939286006B3FFB /* Release */ = {
			isa = XCBuildConfiguration;
			buildSettings = {
				ALLOW_TARGET_PLATFORM_SPECIALIZATION = YES;
				ASSETCATALOG_COMPILER_APPICON_NAME = AppIcon;
				ASSETCATALOG_COMPILER_GLOBAL_ACCENT_COLOR_NAME = AccentColor;
				CODE_SIGN_STYLE = Automatic;
				CURRENT_PROJECT_VERSION = 1;
				DEVELOPMENT_TEAM = 5JQS3FU5R6;
				GENERATE_INFOPLIST_FILE = YES;
				INFOPLIST_FILE = "clock-app/Info.plist";
				INFOPLIST_KEY_UIApplicationSupportsIndirectInputEvents = YES;
				INFOPLIST_KEY_UILaunchStoryboardName = LaunchScreen;
				INFOPLIST_KEY_UIMainStoryboardFile = Main;
				INFOPLIST_KEY_UISupportedInterfaceOrientations_iPad = "UIInterfaceOrientationPortrait UIInterfaceOrientationPortraitUpsideDown UIInterfaceOrientationLandscapeLeft UIInterfaceOrientationLandscapeRight";
				INFOPLIST_KEY_UISupportedInterfaceOrientations_iPhone = "UIInterfaceOrientationPortrait UIInterfaceOrientationLandscapeLeft UIInterfaceOrientationLandscapeRight";
				IPHONEOS_DEPLOYMENT_TARGET = 16.0;
				LD_RUNPATH_SEARCH_PATHS = (
					"$(inherited)",
					"@executable_path/Frameworks",
				);
				MARKETING_VERSION = 1.0;
				PRODUCT_BUNDLE_IDENTIFIER = "com.parkjju.clock-app";
				PRODUCT_NAME = "$(TARGET_NAME)";
				SUPPORTED_PLATFORMS = "iphoneos iphonesimulator";
				SUPPORTS_MACCATALYST = NO;
				SUPPORTS_MAC_DESIGNED_FOR_IPHONE_IPAD = NO;
				SWIFT_EMIT_LOC_STRINGS = YES;
				SWIFT_VERSION = 5.0;
				TARGETED_DEVICE_FAMILY = 1;
			};
			name = Release;
		};
/* End XCBuildConfiguration section */

/* Begin XCConfigurationList section */
		C932AB2229939285006B3FFB /* Build configuration list for PBXProject "clock-app" */ = {
			isa = XCConfigurationList;
			buildConfigurations = (
				C932AB3C29939286006B3FFB /* Debug */,
				C932AB3D29939286006B3FFB /* Release */,
			);
			defaultConfigurationIsVisible = 0;
			defaultConfigurationName = Release;
		};
		C932AB3E29939286006B3FFB /* Build configuration list for PBXNativeTarget "clock-app" */ = {
			isa = XCConfigurationList;
			buildConfigurations = (
				C932AB3F29939286006B3FFB /* Debug */,
				C932AB4029939286006B3FFB /* Release */,
			);
			defaultConfigurationIsVisible = 0;
			defaultConfigurationName = Release;
		};
/* End XCConfigurationList section */

/* Begin XCVersionGroup section */
		C932AB3329939285006B3FFB /* clock_app.xcdatamodeld */ = {
			isa = XCVersionGroup;
			children = (
				C932AB3429939285006B3FFB /* clock_app.xcdatamodel */,
			);
			currentVersion = C932AB3429939285006B3FFB /* clock_app.xcdatamodel */;
			path = clock_app.xcdatamodeld;
			sourceTree = "<group>";
			versionGroupType = wrapper.xcdatamodel;
		};
/* End XCVersionGroup section */
	};
	rootObject = C932AB1F29939285006B3FFB /* Project object */;
}
